
Microsoft Visual Studio Solution File, Format Version 12.00
# Visual Studio Version 17
VisualStudioVersion = 17.2.32519.379
MinimumVisualStudioVersion = 10.0.40219.1
Project("{2150E333-8FDC-42A3-9474-1A3956D46DE8}") = "Dal", "Dal", "{4E2BF391-B9AA-45F6-9E4E-0D98B014DA97}"
EndProject
Project("{FAE04EC0-301F-11D3-BF4B-00C04F79EFBC}") = "Dal.Entities", "Dal.Entities\Dal.Entities.csproj", "{DE9DFC08-F0D1-48E3-A27A-8918072BBEAC}"
EndProject
Project("{FAE04EC0-301F-11D3-BF4B-00C04F79EFBC}") = "Dal.AdoService", "Dal.AdoService\Dal.AdoService.csproj", "{9E751DD9-E4F5-49A2-8030-6BE3C8DDBEF5}"
EndProject
Project("{FAE04EC0-301F-11D3-BF4B-00C04F79EFBC}") = "Dal.Repository", "Dal.Repository\Dal.Repository.csproj", "{208FECFE-D485-4D70-B48F-906ACDBFF413}"
EndProject
Project("{FAE04EC0-301F-11D3-BF4B-00C04F79EFBC}") = "Dal.EfService", "Dal.EfService\Dal.EfService.csproj", "{231BEE74-635C-4130-BDA1-FF6288605AF0}"
EndProject
Project("{FAE04EC0-301F-11D3-BF4B-00C04F79EFBC}") = "Dal.Contexts", "Dal.Contexts\Dal.Contexts.csproj", "{FC22B1C6-DF5F-47BC-B085-860FAEC83F92}"
EndProject
Project("{FAE04EC0-301F-11D3-BF4B-00C04F79EFBC}") = "DemoDalAdoEtEF", "DemoDalAdoEtEF\DemoDalAdoEtEF.csproj", "{1C33913E-05EB-4CD1-9ED4-A833933C6A49}"
EndProject
Project("{2150E333-8FDC-42A3-9474-1A3956D46DE8}") = "Entities", "Entities", "{C8CE72D4-8E56-4350-A43C-EA0283A55101}"
EndProject
Project("{2150E333-8FDC-42A3-9474-1A3956D46DE8}") = "Repositories", "Repositories", "{2E68816E-96B4-4790-9FEF-E243CF89CF1C}"
EndProject
Project("{2150E333-8FDC-42A3-9474-1A3956D46DE8}") = "Services", "Services", "{E1B05085-C27C-4A3B-90B4-1D3AC1692333}"
EndProject
Global
	GlobalSection(SolutionConfigurationPlatforms) = preSolution
		Debug|Any CPU = Debug|Any CPU
		Release|Any CPU = Release|Any CPU
	EndGlobalSection
	GlobalSection(ProjectConfigurationPlatforms) = postSolution
		{DE9DFC08-F0D1-48E3-A27A-8918072BBEAC}.Debug|Any CPU.ActiveCfg = Debug|Any CPU
		{DE9DFC08-F0D1-48E3-A27A-8918072BBEAC}.Debug|Any CPU.Build.0 = Debug|Any CPU
		{DE9DFC08-F0D1-48E3-A27A-8918072BBEAC}.Release|Any CPU.ActiveCfg = Release|Any CPU
		{DE9DFC08-F0D1-48E3-A27A-8918072BBEAC}.Release|Any CPU.Build.0 = Release|Any CPU
		{9E751DD9-E4F5-49A2-8030-6BE3C8DDBEF5}.Debug|Any CPU.ActiveCfg = Debug|Any CPU
		{9E751DD9-E4F5-49A2-8030-6BE3C8DDBEF5}.Debug|Any CPU.Build.0 = Debug|Any CPU
		{9E751DD9-E4F5-49A2-8030-6BE3C8DDBEF5}.Release|Any CPU.ActiveCfg = Release|Any CPU
		{9E751DD9-E4F5-49A2-8030-6BE3C8DDBEF5}.Release|Any CPU.Build.0 = Release|Any CPU
		{208FECFE-D485-4D70-B48F-906ACDBFF413}.Debug|Any CPU.ActiveCfg = Debug|Any CPU
		{208FECFE-D485-4D70-B48F-906ACDBFF413}.Debug|Any CPU.Build.0 = Debug|Any CPU
		{208FECFE-D485-4D70-B48F-906ACDBFF413}.Release|Any CPU.ActiveCfg = Release|Any CPU
		{208FECFE-D485-4D70-B48F-906ACDBFF413}.Release|Any CPU.Build.0 = Release|Any CPU
		{231BEE74-635C-4130-BDA1-FF6288605AF0}.Debug|Any CPU.ActiveCfg = Debug|Any CPU
		{231BEE74-635C-4130-BDA1-FF6288605AF0}.Debug|Any CPU.Build.0 = Debug|Any CPU
		{231BEE74-635C-4130-BDA1-FF6288605AF0}.Release|Any CPU.ActiveCfg = Release|Any CPU
		{231BEE74-635C-4130-BDA1-FF6288605AF0}.Release|Any CPU.Build.0 = Release|Any CPU
		{FC22B1C6-DF5F-47BC-B085-860FAEC83F92}.Debug|Any CPU.ActiveCfg = Debug|Any CPU
		{FC22B1C6-DF5F-47BC-B085-860FAEC83F92}.Debug|Any CPU.Build.0 = Debug|Any CPU
		{FC22B1C6-DF5F-47BC-B085-860FAEC83F92}.Release|Any CPU.ActiveCfg = Release|Any CPU
		{FC22B1C6-DF5F-47BC-B085-860FAEC83F92}.Release|Any CPU.Build.0 = Release|Any CPU
		{1C33913E-05EB-4CD1-9ED4-A833933C6A49}.Debug|Any CPU.ActiveCfg = Debug|Any CPU
		{1C33913E-05EB-4CD1-9ED4-A833933C6A49}.Debug|Any CPU.Build.0 = Debug|Any CPU
		{1C33913E-05EB-4CD1-9ED4-A833933C6A49}.Release|Any CPU.ActiveCfg = Release|Any CPU
		{1C33913E-05EB-4CD1-9ED4-A833933C6A49}.Release|Any CPU.Build.0 = Release|Any CPU
	EndGlobalSection
	GlobalSection(SolutionProperties) = preSolution
		HideSolutionNode = FALSE
	EndGlobalSection
	GlobalSection(NestedProjects) = preSolution
		{DE9DFC08-F0D1-48E3-A27A-8918072BBEAC} = {C8CE72D4-8E56-4350-A43C-EA0283A55101}
		{9E751DD9-E4F5-49A2-8030-6BE3C8DDBEF5} = {E1B05085-C27C-4A3B-90B4-1D3AC1692333}
		{208FECFE-D485-4D70-B48F-906ACDBFF413} = {2E68816E-96B4-4790-9FEF-E243CF89CF1C}
		{231BEE74-635C-4130-BDA1-FF6288605AF0} = {E1B05085-C27C-4A3B-90B4-1D3AC1692333}
		{FC22B1C6-DF5F-47BC-B085-860FAEC83F92} = {E1B05085-C27C-4A3B-90B4-1D3AC1692333}
		{C8CE72D4-8E56-4350-A43C-EA0283A55101} = {4E2BF391-B9AA-45F6-9E4E-0D98B014DA97}
		{2E68816E-96B4-4790-9FEF-E243CF89CF1C} = {4E2BF391-B9AA-45F6-9E4E-0D98B014DA97}
		{E1B05085-C27C-4A3B-90B4-1D3AC1692333} = {4E2BF391-B9AA-45F6-9E4E-0D98B014DA97}
	EndGlobalSection
	GlobalSection(ExtensibilityGlobals) = postSolution
		SolutionGuid = {36E3FD69-35F2-41C9-9276-D03A10A1FB28}
	EndGlobalSection
EndGlobal
